
Microsoft Visual Studio Solution File, Format Version 12.00
# Visual Studio Version 16
VisualStudioVersion = 16.0.35325.158
MinimumVisualStudioVersion = 10.0.40219.1
Project("{FAE04EC0-301F-11D3-BF4B-00C04F79EFBC}") = "Luma Testing", "Luma Testing\Luma Testing.csproj", "{1D872681-3F05-420F-AE90-DB0F17A23121}"
EndProject
Global
	GlobalSection(SolutionConfigurationPlatforms) = preSolution
		Debug|Any CPU = Debug|Any CPU
		Release|Any CPU = Release|Any CPU
	EndGlobalSection
	GlobalSection(ProjectConfigurationPlatforms) = postSolution
		{1D872681-3F05-420F-AE90-DB0F17A23121}.Debug|Any CPU.ActiveCfg = Debug|Any CPU
		{1D872681-3F05-420F-AE90-DB0F17A23121}.Debug|Any CPU.Build.0 = Debug|Any CPU
		{1D872681-3F05-420F-AE90-DB0F17A23121}.Release|Any CPU.ActiveCfg = Release|Any CPU
		{1D872681-3F05-420F-AE90-DB0F17A23121}.Release|Any CPU.Build.0 = Release|Any CPU
	EndGlobalSection
	GlobalSection(SolutionProperties) = preSolution
		HideSolutionNode = FALSE
	EndGlobalSection
	GlobalSection(ExtensibilityGlobals) = postSolution
		SolutionGuid = {C618CD76-1321-4798-866D-F6BC6CBDC35F}
	EndGlobalSection
EndGlobal
